
Microsoft Visual Studio Solution File, Format Version 12.00
# Visual Studio Version 17
VisualStudioVersion = 17.9.34723.18
MinimumVisualStudioVersion = 10.0.40219.1
Project("{FAE04EC0-301F-11D3-BF4B-00C04F79EFBC}") = "Ejercicio1", "Ejercicio1\Ejercicio1.csproj", "{F5996451-F77F-461C-81C6-1CE5CFFBF326}"
EndProject
Global
	GlobalSection(SolutionConfigurationPlatforms) = preSolution
		Debug|Any CPU = Debug|Any CPU
		Release|Any CPU = Release|Any CPU
	EndGlobalSection
	GlobalSection(ProjectConfigurationPlatforms) = postSolution
		{F5996451-F77F-461C-81C6-1CE5CFFBF326}.Debug|Any CPU.ActiveCfg = Debug|Any CPU
		{F5996451-F77F-461C-81C6-1CE5CFFBF326}.Debug|Any CPU.Build.0 = Debug|Any CPU
		{F5996451-F77F-461C-81C6-1CE5CFFBF326}.Release|Any CPU.ActiveCfg = Release|Any CPU
		{F5996451-F77F-461C-81C6-1CE5CFFBF326}.Release|Any CPU.Build.0 = Release|Any CPU
	EndGlobalSection
	GlobalSection(SolutionProperties) = preSolution
		HideSolutionNode = FALSE
	EndGlobalSection
	GlobalSection(ExtensibilityGlobals) = postSolution
		SolutionGuid = {A5BDEAC7-E831-4A78-A504-40DBA151FC21}
	EndGlobalSection
EndGlobal
